
Microsoft Visual Studio Solution File, Format Version 12.00
# Visual Studio Version 17
VisualStudioVersion = 17.7.34221.43
MinimumVisualStudioVersion = 10.0.40219.1
Project("{FAE04EC0-301F-11D3-BF4B-00C04F79EFBC}") = "GeometryShapes", "GeometryShapes\GeometryShapes.csproj", "{2D8992E8-F887-4AAB-90AE-264D2B49A338}"
EndProject
Global
	GlobalSection(SolutionConfigurationPlatforms) = preSolution
		Debug|Any CPU = Debug|Any CPU
		Release|Any CPU = Release|Any CPU
	EndGlobalSection
	GlobalSection(ProjectConfigurationPlatforms) = postSolution
		{2D8992E8-F887-4AAB-90AE-264D2B49A338}.Debug|Any CPU.ActiveCfg = Debug|Any CPU
		{2D8992E8-F887-4AAB-90AE-264D2B49A338}.Debug|Any CPU.Build.0 = Debug|Any CPU
		{2D8992E8-F887-4AAB-90AE-264D2B49A338}.Release|Any CPU.ActiveCfg = Release|Any CPU
		{2D8992E8-F887-4AAB-90AE-264D2B49A338}.Release|Any CPU.Build.0 = Release|Any CPU
	EndGlobalSection
	GlobalSection(SolutionProperties) = preSolution
		HideSolutionNode = FALSE
	EndGlobalSection
	GlobalSection(ExtensibilityGlobals) = postSolution
		SolutionGuid = {392BFAF6-BC81-4ED1-8920-3C8D91FC3BAA}
	EndGlobalSection
EndGlobal
